<?xml version="1.0" encoding="UTF-8" standalone="yes" ?>
<CodeBlocks_project_file>
	<FileVersion major="1" minor="6" />
	<Project>
		<Option title="Files" />
		<Option pch_mode="2" />
		<Option compiler="gcc" />
		<Build>
			<Target title="Debug">
				<Option output="bin/Debug/Files" prefix_auto="1" extension_auto="1" />
				<Option object_output="obj/Debug/" />
				<Option type="1" />
				<Option compiler="gcc" />
				<Compiler>
					<Add option="-g" />
				</Compiler>
			</Target>
			<Target title="Release">
				<Option output="bin/Release/Files" prefix_auto="1" extension_auto="1" />
				<Option object_output="obj/Release/" />
				<Option type="1" />
				<Option compiler="gcc" />
				<Compiler>
					<Add option="-O2" />
				</Compiler>
				<Linker>
					<Add option="-s" />
				</Linker>
			</Target>
		</Build>
		<Compiler>
			<Add option="-Wall" />
		</Compiler>
		<Unit filename="Class Header/Card.h" />
		<Unit filename="Class Header/Dealer.h" />
		<Unit filename="Class Header/Deck.h" />
		<Unit filename="Class Header/Manager.h" />
		<Unit filename="Class Header/Player.h" />
		<Unit filename="Class Header/Shoe.h" />
		<Unit filename="Class Source/Card.cpp" />
		<Unit filename="Class Source/Dealer.cpp" />
		<Unit filename="Class Source/Deck.cpp" />
		<Unit filename="Class Source/Manager.cpp" />
		<Unit filename="Class Source/Player.cpp" />
		<Unit filename="Class Source/Shoe.cpp" />
		<Unit filename="Constants/global.h" />
		<Unit filename="main.cpp" />
		<Extensions>
			<code_completion />
			<envvars />
			<debugger />
			<lib_finder disable_auto="1" />
		</Extensions>
	</Project>
</CodeBlocks_project_file>
